
Microsoft Visual Studio Solution File, Format Version 12.00
# Visual Studio 15
VisualStudioVersion = 15.0.27703.2018
MinimumVisualStudioVersion = 10.0.40219.1
Project("{FAE04EC0-301F-11D3-BF4B-00C04F79EFBC}") = "WeatherForecast", "WeatherForecast\WeatherForecast.csproj", "{122BD67D-3801-4044-A045-8B0103FD2D4E}"
EndProject
Global
	GlobalSection(SolutionConfigurationPlatforms) = preSolution
		Debug|Any CPU = Debug|Any CPU
		Release|Any CPU = Release|Any CPU
	EndGlobalSection
	GlobalSection(ProjectConfigurationPlatforms) = postSolution
		{122BD67D-3801-4044-A045-8B0103FD2D4E}.Debug|Any CPU.ActiveCfg = Debug|Any CPU
		{122BD67D-3801-4044-A045-8B0103FD2D4E}.Debug|Any CPU.Build.0 = Debug|Any CPU
		{122BD67D-3801-4044-A045-8B0103FD2D4E}.Release|Any CPU.ActiveCfg = Release|Any CPU
		{122BD67D-3801-4044-A045-8B0103FD2D4E}.Release|Any CPU.Build.0 = Release|Any CPU
	EndGlobalSection
	GlobalSection(SolutionProperties) = preSolution
		HideSolutionNode = FALSE
	EndGlobalSection
	GlobalSection(ExtensibilityGlobals) = postSolution
		SolutionGuid = {F54C8669-B1F8-4EF4-8D83-24737F688442}
	EndGlobalSection
EndGlobal
